
Microsoft Visual Studio Solution File, Format Version 12.00
# Visual Studio 15
VisualStudioVersion = 15.0.28010.2003
MinimumVisualStudioVersion = 10.0.40219.1
Project("{FAE04EC0-301F-11D3-BF4B-00C04F79EFBC}") = "Exercise 1", "Exercise 1\Exercise 1.csproj", "{D7F39E02-E1BE-47C6-A928-672E26299924}"
EndProject
Global
	GlobalSection(SolutionConfigurationPlatforms) = preSolution
		Debug|Any CPU = Debug|Any CPU
		Release|Any CPU = Release|Any CPU
	EndGlobalSection
	GlobalSection(ProjectConfigurationPlatforms) = postSolution
		{D7F39E02-E1BE-47C6-A928-672E26299924}.Debug|Any CPU.ActiveCfg = Debug|Any CPU
		{D7F39E02-E1BE-47C6-A928-672E26299924}.Debug|Any CPU.Build.0 = Debug|Any CPU
		{D7F39E02-E1BE-47C6-A928-672E26299924}.Release|Any CPU.ActiveCfg = Release|Any CPU
		{D7F39E02-E1BE-47C6-A928-672E26299924}.Release|Any CPU.Build.0 = Release|Any CPU
	EndGlobalSection
	GlobalSection(SolutionProperties) = preSolution
		HideSolutionNode = FALSE
	EndGlobalSection
	GlobalSection(ExtensibilityGlobals) = postSolution
		SolutionGuid = {10565AF2-EDB5-42DA-B2EE-1E897E65BF69}
	EndGlobalSection
EndGlobal
