
Microsoft Visual Studio Solution File, Format Version 12.00
# Visual Studio 15
VisualStudioVersion = 15.0.28010.2003
MinimumVisualStudioVersion = 10.0.40219.1
Project("{FAE04EC0-301F-11D3-BF4B-00C04F79EFBC}") = "Session17Exercise3", "Session17Exercise3\Session17Exercise3.csproj", "{23811B68-18F6-4EAD-B1AF-60719DDCF956}"
EndProject
Global
	GlobalSection(SolutionConfigurationPlatforms) = preSolution
		Debug|Any CPU = Debug|Any CPU
		Release|Any CPU = Release|Any CPU
	EndGlobalSection
	GlobalSection(ProjectConfigurationPlatforms) = postSolution
		{23811B68-18F6-4EAD-B1AF-60719DDCF956}.Debug|Any CPU.ActiveCfg = Debug|Any CPU
		{23811B68-18F6-4EAD-B1AF-60719DDCF956}.Debug|Any CPU.Build.0 = Debug|Any CPU
		{23811B68-18F6-4EAD-B1AF-60719DDCF956}.Release|Any CPU.ActiveCfg = Release|Any CPU
		{23811B68-18F6-4EAD-B1AF-60719DDCF956}.Release|Any CPU.Build.0 = Release|Any CPU
	EndGlobalSection
	GlobalSection(SolutionProperties) = preSolution
		HideSolutionNode = FALSE
	EndGlobalSection
	GlobalSection(ExtensibilityGlobals) = postSolution
		SolutionGuid = {CF9DB084-22C2-4B4E-869B-8CB08DAE4A6B}
	EndGlobalSection
EndGlobal
