
Microsoft Visual Studio Solution File, Format Version 12.00
# Visual Studio 15
VisualStudioVersion = 15.0.28010.2003
MinimumVisualStudioVersion = 10.0.40219.1
Project("{FAE04EC0-301F-11D3-BF4B-00C04F79EFBC}") = "9-3", "9-3\9-3.csproj", "{41763E50-6879-4A7D-AECD-A187B2413415}"
EndProject
Global
	GlobalSection(SolutionConfigurationPlatforms) = preSolution
		Debug|Any CPU = Debug|Any CPU
		Release|Any CPU = Release|Any CPU
	EndGlobalSection
	GlobalSection(ProjectConfigurationPlatforms) = postSolution
		{41763E50-6879-4A7D-AECD-A187B2413415}.Debug|Any CPU.ActiveCfg = Debug|Any CPU
		{41763E50-6879-4A7D-AECD-A187B2413415}.Debug|Any CPU.Build.0 = Debug|Any CPU
		{41763E50-6879-4A7D-AECD-A187B2413415}.Release|Any CPU.ActiveCfg = Release|Any CPU
		{41763E50-6879-4A7D-AECD-A187B2413415}.Release|Any CPU.Build.0 = Release|Any CPU
	EndGlobalSection
	GlobalSection(SolutionProperties) = preSolution
		HideSolutionNode = FALSE
	EndGlobalSection
	GlobalSection(ExtensibilityGlobals) = postSolution
		SolutionGuid = {D4D02038-FE98-465B-A60A-0EF6D3D3A8EF}
	EndGlobalSection
EndGlobal
