
Microsoft Visual Studio Solution File, Format Version 12.00
# Visual Studio 15
VisualStudioVersion = 15.0.28010.2003
MinimumVisualStudioVersion = 10.0.40219.1
Project("{FAE04EC0-301F-11D3-BF4B-00C04F79EFBC}") = "LektionsLek", "LektionsLek\LektionsLek.csproj", "{DCF0449F-8A96-4C83-A084-829A7508B08B}"
EndProject
Global
	GlobalSection(SolutionConfigurationPlatforms) = preSolution
		Debug|Any CPU = Debug|Any CPU
		Release|Any CPU = Release|Any CPU
	EndGlobalSection
	GlobalSection(ProjectConfigurationPlatforms) = postSolution
		{DCF0449F-8A96-4C83-A084-829A7508B08B}.Debug|Any CPU.ActiveCfg = Debug|Any CPU
		{DCF0449F-8A96-4C83-A084-829A7508B08B}.Debug|Any CPU.Build.0 = Debug|Any CPU
		{DCF0449F-8A96-4C83-A084-829A7508B08B}.Release|Any CPU.ActiveCfg = Release|Any CPU
		{DCF0449F-8A96-4C83-A084-829A7508B08B}.Release|Any CPU.Build.0 = Release|Any CPU
	EndGlobalSection
	GlobalSection(SolutionProperties) = preSolution
		HideSolutionNode = FALSE
	EndGlobalSection
	GlobalSection(ExtensibilityGlobals) = postSolution
		SolutionGuid = {A028EAFD-4B78-4261-9EA4-CFAD55FE4790}
	EndGlobalSection
EndGlobal
