
Microsoft Visual Studio Solution File, Format Version 12.00
# Visual Studio 15
VisualStudioVersion = 15.0.28010.2003
MinimumVisualStudioVersion = 10.0.40219.1
Project("{FAE04EC0-301F-11D3-BF4B-00C04F79EFBC}") = "Session19Exercise1", "Session19Exercise1\Session19Exercise1.csproj", "{BFDA7349-3895-40DE-9ABC-4F72920E2524}"
EndProject
Global
	GlobalSection(SolutionConfigurationPlatforms) = preSolution
		Debug|Any CPU = Debug|Any CPU
		Release|Any CPU = Release|Any CPU
	EndGlobalSection
	GlobalSection(ProjectConfigurationPlatforms) = postSolution
		{BFDA7349-3895-40DE-9ABC-4F72920E2524}.Debug|Any CPU.ActiveCfg = Debug|Any CPU
		{BFDA7349-3895-40DE-9ABC-4F72920E2524}.Debug|Any CPU.Build.0 = Debug|Any CPU
		{BFDA7349-3895-40DE-9ABC-4F72920E2524}.Release|Any CPU.ActiveCfg = Release|Any CPU
		{BFDA7349-3895-40DE-9ABC-4F72920E2524}.Release|Any CPU.Build.0 = Release|Any CPU
	EndGlobalSection
	GlobalSection(SolutionProperties) = preSolution
		HideSolutionNode = FALSE
	EndGlobalSection
	GlobalSection(ExtensibilityGlobals) = postSolution
		SolutionGuid = {4CF6EC69-5548-4764-A31C-384379EFE0FE}
	EndGlobalSection
EndGlobal
