
Microsoft Visual Studio Solution File, Format Version 12.00
# Visual Studio 15
VisualStudioVersion = 15.0.28010.2003
MinimumVisualStudioVersion = 10.0.40219.1
Project("{FAE04EC0-301F-11D3-BF4B-00C04F79EFBC}") = "Session19Exercise2", "Session19Exercise2\Session19Exercise2.csproj", "{EDEB70B0-63D5-48C5-A53B-72B4DE09E8F4}"
EndProject
Global
	GlobalSection(SolutionConfigurationPlatforms) = preSolution
		Debug|Any CPU = Debug|Any CPU
		Release|Any CPU = Release|Any CPU
	EndGlobalSection
	GlobalSection(ProjectConfigurationPlatforms) = postSolution
		{EDEB70B0-63D5-48C5-A53B-72B4DE09E8F4}.Debug|Any CPU.ActiveCfg = Debug|Any CPU
		{EDEB70B0-63D5-48C5-A53B-72B4DE09E8F4}.Debug|Any CPU.Build.0 = Debug|Any CPU
		{EDEB70B0-63D5-48C5-A53B-72B4DE09E8F4}.Release|Any CPU.ActiveCfg = Release|Any CPU
		{EDEB70B0-63D5-48C5-A53B-72B4DE09E8F4}.Release|Any CPU.Build.0 = Release|Any CPU
	EndGlobalSection
	GlobalSection(SolutionProperties) = preSolution
		HideSolutionNode = FALSE
	EndGlobalSection
	GlobalSection(ExtensibilityGlobals) = postSolution
		SolutionGuid = {10A5FF4E-3C18-429D-AB21-6A657019C48B}
	EndGlobalSection
EndGlobal
